// !$*UTF8*$!
{
	archiveVersion = 1;
	classes = {
	};
	objectVersion = 50;
	objects = {

/* Begin PBXBuildFile section */
		7097126526E38AC100B93479 /* ContactsView.swift in Sources */ = {isa = PBXBuildFile; fileRef = 7097126426E38AC000B93479 /* ContactsView.swift */; };
		7097126726E38EB400B93479 /* ItemViewContacts.swift in Sources */ = {isa = PBXBuildFile; fileRef = 7097126626E38EB400B93479 /* ItemViewContacts.swift */; };
		70FF5D5126DD0D9500825CC2 /* AppDelegate.swift in Sources */ = {isa = PBXBuildFile; fileRef = 70FF5D5026DD0D9500825CC2 /* AppDelegate.swift */; };
		70FF5D5326DD0D9500825CC2 /* SceneDelegate.swift in Sources */ = {isa = PBXBuildFile; fileRef = 70FF5D5226DD0D9500825CC2 /* SceneDelegate.swift */; };
		70FF5D5526DD0D9500825CC2 /* ContentView.swift in Sources */ = {isa = PBXBuildFile; fileRef = 70FF5D5426DD0D9500825CC2 /* ContentView.swift */; };
		70FF5D5826DD0D9500825CC2 /* TelegramAhllgov.xcdatamodeld in Sources */ = {isa = PBXBuildFile; fileRef = 70FF5D5626DD0D9500825CC2 /* TelegramAhllgov.xcdatamodeld */; };
		70FF5D5A26DD0D9600825CC2 /* Assets.xcassets in Resources */ = {isa = PBXBuildFile; fileRef = 70FF5D5926DD0D9600825CC2 /* Assets.xcassets */; };
		70FF5D5D26DD0D9600825CC2 /* Preview Assets.xcassets in Resources */ = {isa = PBXBuildFile; fileRef = 70FF5D5C26DD0D9600825CC2 /* Preview Assets.xcassets */; };
		70FF5D6026DD0D9600825CC2 /* LaunchScreen.storyboard in Resources */ = {isa = PBXBuildFile; fileRef = 70FF5D5E26DD0D9600825CC2 /* LaunchScreen.storyboard */; };
		70FF5D6B26DD0DDF00825CC2 /* User.swift in Sources */ = {isa = PBXBuildFile; fileRef = 70FF5D6A26DD0DDF00825CC2 /* User.swift */; };
		70FF5D6D26DD0DE600825CC2 /* Setting.swift in Sources */ = {isa = PBXBuildFile; fileRef = 70FF5D6C26DD0DE600825CC2 /* Setting.swift */; };
		70FF5D6F26DD0DFB00825CC2 /* UserViewModel.swift in Sources */ = {isa = PBXBuildFile; fileRef = 70FF5D6E26DD0DFB00825CC2 /* UserViewModel.swift */; };
		70FF5D7126DD0E0400825CC2 /* SettingViewModel.swift in Sources */ = {isa = PBXBuildFile; fileRef = 70FF5D7026DD0E0400825CC2 /* SettingViewModel.swift */; };
		70FF5D7326DD0E1000825CC2 /* ChatsView.swift in Sources */ = {isa = PBXBuildFile; fileRef = 70FF5D7226DD0E1000825CC2 /* ChatsView.swift */; };
		70FF5D7526DD0E1600825CC2 /* ItemView.swift in Sources */ = {isa = PBXBuildFile; fileRef = 70FF5D7426DD0E1600825CC2 /* ItemView.swift */; };
		70FF5D7726DD0E2300825CC2 /* SettingsView.swift in Sources */ = {isa = PBXBuildFile; fileRef = 70FF5D7626DD0E2300825CC2 /* SettingsView.swift */; };
		70FF5D7926DD0E2D00825CC2 /* SettingGroupView.swift in Sources */ = {isa = PBXBuildFile; fileRef = 70FF5D7826DD0E2D00825CC2 /* SettingGroupView.swift */; };
/* End PBXBuildFile section */

/* Begin PBXFileReference section */
		7097126426E38AC000B93479 /* ContactsView.swift */ = {isa = PBXFileReference; lastKnownFileType = sourcecode.swift; path = ContactsView.swift; sourceTree = "<group>"; };
		7097126626E38EB400B93479 /* ItemViewContacts.swift */ = {isa = PBXFileReference; lastKnownFileType = sourcecode.swift; path = ItemViewContacts.swift; sourceTree = "<group>"; };
		70FF5D4D26DD0D9500825CC2 /* TelegramAhllgov.app */ = {isa = PBXFileReference; explicitFileType = wrapper.application; includeInIndex = 0; path = TelegramAhllgov.app; sourceTree = BUILT_PRODUCTS_DIR; };
		70FF5D5026DD0D9500825CC2 /* AppDelegate.swift */ = {isa = PBXFileReference; lastKnownFileType = sourcecode.swift; path = AppDelegate.swift; sourceTree = "<group>"; };
		70FF5D5226DD0D9500825CC2 /* SceneDelegate.swift */ = {isa = PBXFileReference; lastKnownFileType = sourcecode.swift; path = SceneDelegate.swift; sourceTree = "<group>"; };
		70FF5D5426DD0D9500825CC2 /* ContentView.swift */ = {isa = PBXFileReference; lastKnownFileType = sourcecode.swift; path = ContentView.swift; sourceTree = "<group>"; };
		70FF5D5726DD0D9500825CC2 /* TelegramAhllgov.xcdatamodel */ = {isa = PBXFileReference; lastKnownFileType = wrapper.xcdatamodel; path = TelegramAhllgov.xcdatamodel; sourceTree = "<group>"; };
		70FF5D5926DD0D9600825CC2 /* Assets.xcassets */ = {isa = PBXFileReference; lastKnownFileType = folder.assetcatalog; path = Assets.xcassets; sourceTree = "<group>"; };
		70FF5D5C26DD0D9600825CC2 /* Preview Assets.xcassets */ = {isa = PBXFileReference; lastKnownFileType = folder.assetcatalog; path = "Preview Assets.xcassets"; sourceTree = "<group>"; };
		70FF5D5F26DD0D9600825CC2 /* Base */ = {isa = PBXFileReference; lastKnownFileType = file.storyboard; name = Base; path = Base.lproj/LaunchScreen.storyboard; sourceTree = "<group>"; };
		70FF5D6126DD0D9600825CC2 /* Info.plist */ = {isa = PBXFileReference; lastKnownFileType = text.plist.xml; path = Info.plist; sourceTree = "<group>"; };
		70FF5D6A26DD0DDF00825CC2 /* User.swift */ = {isa = PBXFileReference; lastKnownFileType = sourcecode.swift; path = User.swift; sourceTree = "<group>"; };
		70FF5D6C26DD0DE600825CC2 /* Setting.swift */ = {isa = PBXFileReference; lastKnownFileType = sourcecode.swift; path = Setting.swift; sourceTree = "<group>"; };
		70FF5D6E26DD0DFB00825CC2 /* UserViewModel.swift */ = {isa = PBXFileReference; lastKnownFileType = sourcecode.swift; path = UserViewModel.swift; sourceTree = "<group>"; };
		70FF5D7026DD0E0400825CC2 /* SettingViewModel.swift */ = {isa = PBXFileReference; lastKnownFileType = sourcecode.swift; path = SettingViewModel.swift; sourceTree = "<group>"; };
		70FF5D7226DD0E1000825CC2 /* ChatsView.swift */ = {isa = PBXFileReference; lastKnownFileType = sourcecode.swift; path = ChatsView.swift; sourceTree = "<group>"; };
		70FF5D7426DD0E1600825CC2 /* ItemView.swift */ = {isa = PBXFileReference; lastKnownFileType = sourcecode.swift; path = ItemView.swift; sourceTree = "<group>"; };
		70FF5D7626DD0E2300825CC2 /* SettingsView.swift */ = {isa = PBXFileReference; lastKnownFileType = sourcecode.swift; path = SettingsView.swift; sourceTree = "<group>"; };
		70FF5D7826DD0E2D00825CC2 /* SettingGroupView.swift */ = {isa = PBXFileReference; lastKnownFileType = sourcecode.swift; path = SettingGroupView.swift; sourceTree = "<group>"; };
/* End PBXFileReference section */

/* Begin PBXFrameworksBuildPhase section */
		70FF5D4A26DD0D9500825CC2 /* Frameworks */ = {
			isa = PBXFrameworksBuildPhase;
			buildActionMask = 2147483647;
			files = (
			);
			runOnlyForDeploymentPostprocessing = 0;
		};
/* End PBXFrameworksBuildPhase section */

/* Begin PBXGroup section */
		70FF5D4426DD0D9500825CC2 = {
			isa = PBXGroup;
			children = (
				70FF5D4F26DD0D9500825CC2 /* TelegramAhllgov */,
				70FF5D4E26DD0D9500825CC2 /* Products */,
			);
			sourceTree = "<group>";
		};
		70FF5D4E26DD0D9500825CC2 /* Products */ = {
			isa = PBXGroup;
			children = (
				70FF5D4D26DD0D9500825CC2 /* TelegramAhllgov.app */,
			);
			name = Products;
			sourceTree = "<group>";
		};
		70FF5D4F26DD0D9500825CC2 /* TelegramAhllgov */ = {
			isa = PBXGroup;
			children = (
				70FF5D6926DD0DD100825CC2 /* Model */,
				70FF5D6826DD0DCB00825CC2 /* ViewModel */,
				70FF5D6726DD0DC400825CC2 /* View */,
				70FF5D5026DD0D9500825CC2 /* AppDelegate.swift */,
				70FF5D5226DD0D9500825CC2 /* SceneDelegate.swift */,
				70FF5D5426DD0D9500825CC2 /* ContentView.swift */,
				70FF5D5926DD0D9600825CC2 /* Assets.xcassets */,
				70FF5D5E26DD0D9600825CC2 /* LaunchScreen.storyboard */,
				70FF5D6126DD0D9600825CC2 /* Info.plist */,
				70FF5D5626DD0D9500825CC2 /* TelegramAhllgov.xcdatamodeld */,
				70FF5D5B26DD0D9600825CC2 /* Preview Content */,
			);
			path = TelegramAhllgov;
			sourceTree = "<group>";
		};
		70FF5D5B26DD0D9600825CC2 /* Preview Content */ = {
			isa = PBXGroup;
			children = (
				70FF5D5C26DD0D9600825CC2 /* Preview Assets.xcassets */,
			);
			path = "Preview Content";
			sourceTree = "<group>";
		};
		70FF5D6726DD0DC400825CC2 /* View */ = {
			isa = PBXGroup;
			children = (
				70FF5D7226DD0E1000825CC2 /* ChatsView.swift */,
				70FF5D7426DD0E1600825CC2 /* ItemView.swift */,
				70FF5D7626DD0E2300825CC2 /* SettingsView.swift */,
				70FF5D7826DD0E2D00825CC2 /* SettingGroupView.swift */,
				7097126426E38AC000B93479 /* ContactsView.swift */,
				7097126626E38EB400B93479 /* ItemViewContacts.swift */,
			);
			path = View;
			sourceTree = "<group>";
		};
		70FF5D6826DD0DCB00825CC2 /* ViewModel */ = {
			isa = PBXGroup;
			children = (
				70FF5D6E26DD0DFB00825CC2 /* UserViewModel.swift */,
				70FF5D7026DD0E0400825CC2 /* SettingViewModel.swift */,
			);
			path = ViewModel;
			sourceTree = "<group>";
		};
		70FF5D6926DD0DD100825CC2 /* Model */ = {
			isa = PBXGroup;
			children = (
				70FF5D6A26DD0DDF00825CC2 /* User.swift */,
				70FF5D6C26DD0DE600825CC2 /* Setting.swift */,
			);
			path = Model;
			sourceTree = "<group>";
		};
/* End PBXGroup section */

/* Begin PBXNativeTarget section */
		70FF5D4C26DD0D9500825CC2 /* TelegramAhllgov */ = {
			isa = PBXNativeTarget;
			buildConfigurationList = 70FF5D6426DD0D9600825CC2 /* Build configuration list for PBXNativeTarget "TelegramAhllgov" */;
			buildPhases = (
				70FF5D4926DD0D9500825CC2 /* Sources */,
				70FF5D4A26DD0D9500825CC2 /* Frameworks */,
				70FF5D4B26DD0D9500825CC2 /* Resources */,
			);
			buildRules = (
			);
			dependencies = (
			);
			name = TelegramAhllgov;
			productName = TelegramAhllgov;
			productReference = 70FF5D4D26DD0D9500825CC2 /* TelegramAhllgov.app */;
			productType = "com.apple.product-type.application";
		};
/* End PBXNativeTarget section */

/* Begin PBXProject section */
		70FF5D4526DD0D9500825CC2 /* Project object */ = {
			isa = PBXProject;
			attributes = {
				LastSwiftUpdateCheck = 1250;
				LastUpgradeCheck = 1250;
				TargetAttributes = {
					70FF5D4C26DD0D9500825CC2 = {
						CreatedOnToolsVersion = 12.5.1;
					};
				};
			};
			buildConfigurationList = 70FF5D4826DD0D9500825CC2 /* Build configuration list for PBXProject "TelegramAhllgov" */;
			compatibilityVersion = "Xcode 9.3";
			developmentRegion = en;
			hasScannedForEncodings = 0;
			knownRegions = (
				en,
				Base,
			);
			mainGroup = 70FF5D4426DD0D9500825CC2;
			productRefGroup = 70FF5D4E26DD0D9500825CC2 /* Products */;
			projectDirPath = "";
			projectRoot = "";
			targets = (
				70FF5D4C26DD0D9500825CC2 /* TelegramAhllgov */,
			);
		};
/* End PBXProject section */

/* Begin PBXResourcesBuildPhase section */
		70FF5D4B26DD0D9500825CC2 /* Resources */ = {
			isa = PBXResourcesBuildPhase;
			buildActionMask = 2147483647;
			files = (
				70FF5D6026DD0D9600825CC2 /* LaunchScreen.storyboard in Resources */,
				70FF5D5D26DD0D9600825CC2 /* Preview Assets.xcassets in Resources */,
				70FF5D5A26DD0D9600825CC2 /* Assets.xcassets in Resources */,
			);
			runOnlyForDeploymentPostprocessing = 0;
		};
/* End PBXResourcesBuildPhase section */

/* Begin PBXSourcesBuildPhase section */
		70FF5D4926DD0D9500825CC2 /* Sources */ = {
			isa = PBXSourcesBuildPhase;
			buildActionMask = 2147483647;
			files = (
				70FF5D5126DD0D9500825CC2 /* AppDelegate.swift in Sources */,
				70FF5D5326DD0D9500825CC2 /* SceneDelegate.swift in Sources */,
				7097126726E38EB400B93479 /* ItemViewContacts.swift in Sources */,
				70FF5D6D26DD0DE600825CC2 /* Setting.swift in Sources */,
				70FF5D7926DD0E2D00825CC2 /* SettingGroupView.swift in Sources */,
				70FF5D7526DD0E1600825CC2 /* ItemView.swift in Sources */,
				70FF5D7126DD0E0400825CC2 /* SettingViewModel.swift in Sources */,
				70FF5D5826DD0D9500825CC2 /* TelegramAhllgov.xcdatamodeld in Sources */,
				70FF5D6B26DD0DDF00825CC2 /* User.swift in Sources */,
				70FF5D7326DD0E1000825CC2 /* ChatsView.swift in Sources */,
				70FF5D6F26DD0DFB00825CC2 /* UserViewModel.swift in Sources */,
				7097126526E38AC100B93479 /* ContactsView.swift in Sources */,
				70FF5D5526DD0D9500825CC2 /* ContentView.swift in Sources */,
				70FF5D7726DD0E2300825CC2 /* SettingsView.swift in Sources */,
			);
			runOnlyForDeploymentPostprocessing = 0;
		};
/* End PBXSourcesBuildPhase section */

/* Begin PBXVariantGroup section */
		70FF5D5E26DD0D9600825CC2 /* LaunchScreen.storyboard */ = {
			isa = PBXVariantGroup;
			children = (
				70FF5D5F26DD0D9600825CC2 /* Base */,
			);
			name = LaunchScreen.storyboard;
			sourceTree = "<group>";
		};
/* End PBXVariantGroup section */

/* Begin XCBuildConfiguration section */
		70FF5D6226DD0D9600825CC2 /* Debug */ = {
			isa = XCBuildConfiguration;
			buildSettings = {
				ALWAYS_SEARCH_USER_PATHS = NO;
				CLANG_ANALYZER_NONNULL = YES;
				CLANG_ANALYZER_NUMBER_OBJECT_CONVERSION = YES_AGGRESSIVE;
				CLANG_CXX_LANGUAGE_STANDARD = "gnu++14";
				CLANG_CXX_LIBRARY = "libc++";
				CLANG_ENABLE_MODULES = YES;
				CLANG_ENABLE_OBJC_ARC = YES;
				CLANG_ENABLE_OBJC_WEAK = YES;
				CLANG_WARN_BLOCK_CAPTURE_AUTORELEASING = YES;
				CLANG_WARN_BOOL_CONVERSION = YES;
				CLANG_WARN_COMMA = YES;
				CLANG_WARN_CONSTANT_CONVERSION = YES;
				CLANG_WARN_DEPRECATED_OBJC_IMPLEMENTATIONS = YES;
				CLANG_WARN_DIRECT_OBJC_ISA_USAGE = YES_ERROR;
				CLANG_WARN_DOCUMENTATION_COMMENTS = YES;
				CLANG_WARN_EMPTY_BODY = YES;
				CLANG_WARN_ENUM_CONVERSION = YES;
				CLANG_WARN_INFINITE_RECURSION = YES;
				CLANG_WARN_INT_CONVERSION = YES;
				CLANG_WARN_NON_LITERAL_NULL_CONVERSION = YES;
				CLANG_WARN_OBJC_IMPLICIT_RETAIN_SELF = YES;
				CLANG_WARN_OBJC_LITERAL_CONVERSION = YES;
				CLANG_WARN_OBJC_ROOT_CLASS = YES_ERROR;
				CLANG_WARN_QUOTED_INCLUDE_IN_FRAMEWORK_HEADER = YES;
				CLANG_WARN_RANGE_LOOP_ANALYSIS = YES;
				CLANG_WARN_STRICT_PROTOTYPES = YES;
				CLANG_WARN_SUSPICIOUS_MOVE = YES;
				CLANG_WARN_UNGUARDED_AVAILABILITY = YES_AGGRESSIVE;
				CLANG_WARN_UNREACHABLE_CODE = YES;
				CLANG_WARN__DUPLICATE_METHOD_MATCH = YES;
				COPY_PHASE_STRIP = NO;
				DEBUG_INFORMATION_FORMAT = dwarf;
				ENABLE_STRICT_OBJC_MSGSEND = YES;
				ENABLE_TESTABILITY = YES;
				GCC_C_LANGUAGE_STANDARD = gnu11;
				GCC_DYNAMIC_NO_PIC = NO;
				GCC_NO_COMMON_BLOCKS = YES;
				GCC_OPTIMIZATION_LEVEL = 0;
				GCC_PREPROCESSOR_DEFINITIONS = (
					"DEBUG=1",
					"$(inherited)",
				);
				GCC_WARN_64_TO_32_BIT_CONVERSION = YES;
				GCC_WARN_ABOUT_RETURN_TYPE = YES_ERROR;
				GCC_WARN_UNDECLARED_SELECTOR = YES;
				GCC_WARN_UNINITIALIZED_AUTOS = YES_AGGRESSIVE;
				GCC_WARN_UNUSED_FUNCTION = YES;
				GCC_WARN_UNUSED_VARIABLE = YES;
				IPHONEOS_DEPLOYMENT_TARGET = 14.5;
				MTL_ENABLE_DEBUG_INFO = INCLUDE_SOURCE;
				MTL_FAST_MATH = YES;
				ONLY_ACTIVE_ARCH = YES;
				SDKROOT = iphoneos;
				SWIFT_ACTIVE_COMPILATION_CONDITIONS = DEBUG;
				SWIFT_OPTIMIZATION_LEVEL = "-Onone";
			};
			name = Debug;
		};
		70FF5D6326DD0D9600825CC2 /* Release */ = {
			isa = XCBuildConfiguration;
			buildSettings = {
				ALWAYS_SEARCH_USER_PATHS = NO;
				CLANG_ANALYZER_NONNULL = YES;
				CLANG_ANALYZER_NUMBER_OBJECT_CONVERSION = YES_AGGRESSIVE;
				CLANG_CXX_LANGUAGE_STANDARD = "gnu++14";
				CLANG_CXX_LIBRARY = "libc++";
				CLANG_ENABLE_MODULES = YES;
				CLANG_ENABLE_OBJC_ARC = YES;
				CLANG_ENABLE_OBJC_WEAK = YES;
				CLANG_WARN_BLOCK_CAPTURE_AUTORELEASING = YES;
				CLANG_WARN_BOOL_CONVERSION = YES;
				CLANG_WARN_COMMA = YES;
				CLANG_WARN_CONSTANT_CONVERSION = YES;
				CLANG_WARN_DEPRECATED_OBJC_IMPLEMENTATIONS = YES;
				CLANG_WARN_DIRECT_OBJC_ISA_USAGE = YES_ERROR;
				CLANG_WARN_DOCUMENTATION_COMMENTS = YES;
				CLANG_WARN_EMPTY_BODY = YES;
				CLANG_WARN_ENUM_CONVERSION = YES;
				CLANG_WARN_INFINITE_RECURSION = YES;
				CLANG_WARN_INT_CONVERSION = YES;
				CLANG_WARN_NON_LITERAL_NULL_CONVERSION = YES;
				CLANG_WARN_OBJC_IMPLICIT_RETAIN_SELF = YES;
				CLANG_WARN_OBJC_LITERAL_CONVERSION = YES;
				CLANG_WARN_OBJC_ROOT_CLASS = YES_ERROR;
				CLANG_WARN_QUOTED_INCLUDE_IN_FRAMEWORK_HEADER = YES;
				CLANG_WARN_RANGE_LOOP_ANALYSIS = YES;
				CLANG_WARN_STRICT_PROTOTYPES = YES;
				CLANG_WARN_SUSPICIOUS_MOVE = YES;
				CLANG_WARN_UNGUARDED_AVAILABILITY = YES_AGGRESSIVE;
				CLANG_WARN_UNREACHABLE_CODE = YES;
				CLANG_WARN__DUPLICATE_METHOD_MATCH = YES;
				COPY_PHASE_STRIP = NO;
				DEBUG_INFORMATION_FORMAT = "dwarf-with-dsym";
				ENABLE_NS_ASSERTIONS = NO;
				ENABLE_STRICT_OBJC_MSGSEND = YES;
				GCC_C_LANGUAGE_STANDARD = gnu11;
				GCC_NO_COMMON_BLOCKS = YES;
				GCC_WARN_64_TO_32_BIT_CONVERSION = YES;
				GCC_WARN_ABOUT_RETURN_TYPE = YES_ERROR;
				GCC_WARN_UNDECLARED_SELECTOR = YES;
				GCC_WARN_UNINITIALIZED_AUTOS = YES_AGGRESSIVE;
				GCC_WARN_UNUSED_FUNCTION = YES;
				GCC_WARN_UNUSED_VARIABLE = YES;
				IPHONEOS_DEPLOYMENT_TARGET = 14.5;
				MTL_ENABLE_DEBUG_INFO = NO;
				MTL_FAST_MATH = YES;
				SDKROOT = iphoneos;
				SWIFT_COMPILATION_MODE = wholemodule;
				SWIFT_OPTIMIZATION_LEVEL = "-O";
				VALIDATE_PRODUCT = YES;
			};
			name = Release;
		};
		70FF5D6526DD0D9600825CC2 /* Debug */ = {
			isa = XCBuildConfiguration;
			buildSettings = {
				ASSETCATALOG_COMPILER_APPICON_NAME = AppIcon;
				ASSETCATALOG_COMPILER_GLOBAL_ACCENT_COLOR_NAME = AccentColor;
				CODE_SIGN_STYLE = Automatic;
				DEVELOPMENT_ASSET_PATHS = "\"TelegramAhllgov/Preview Content\"";
				DEVELOPMENT_TEAM = 4S26R5Q975;
				ENABLE_PREVIEWS = YES;
				INFOPLIST_FILE = TelegramAhllgov/Info.plist;
				LD_RUNPATH_SEARCH_PATHS = (
					"$(inherited)",
					"@executable_path/Frameworks",
				);
				PRODUCT_BUNDLE_IDENTIFIER = Ahllgov.TelegramAhllgov;
				PRODUCT_NAME = "$(TARGET_NAME)";
				SWIFT_VERSION = 5.0;
				TARGETED_DEVICE_FAMILY = "1,2";
			};
			name = Debug;
		};
		70FF5D6626DD0D9600825CC2 /* Release */ = {
			isa = XCBuildConfiguration;
			buildSettings = {
				ASSETCATALOG_COMPILER_APPICON_NAME = AppIcon;
				ASSETCATALOG_COMPILER_GLOBAL_ACCENT_COLOR_NAME = AccentColor;
				CODE_SIGN_STYLE = Automatic;
				DEVELOPMENT_ASSET_PATHS = "\"TelegramAhllgov/Preview Content\"";
				DEVELOPMENT_TEAM = 4S26R5Q975;
				ENABLE_PREVIEWS = YES;
				INFOPLIST_FILE = TelegramAhllgov/Info.plist;
				LD_RUNPATH_SEARCH_PATHS = (
					"$(inherited)",
					"@executable_path/Frameworks",
				);
				PRODUCT_BUNDLE_IDENTIFIER = Ahllgov.TelegramAhllgov;
				PRODUCT_NAME = "$(TARGET_NAME)";
				SWIFT_VERSION = 5.0;
				TARGETED_DEVICE_FAMILY = "1,2";
			};
			name = Release;
		};
/* End XCBuildConfiguration section */

/* Begin XCConfigurationList section */
		70FF5D4826DD0D9500825CC2 /* Build configuration list for PBXProject "TelegramAhllgov" */ = {
			isa = XCConfigurationList;
			buildConfigurations = (
				70FF5D6226DD0D9600825CC2 /* Debug */,
				70FF5D6326DD0D9600825CC2 /* Release */,
			);
			defaultConfigurationIsVisible = 0;
			defaultConfigurationName = Release;
		};
		70FF5D6426DD0D9600825CC2 /* Build configuration list for PBXNativeTarget "TelegramAhllgov" */ = {
			isa = XCConfigurationList;
			buildConfigurations = (
				70FF5D6526DD0D9600825CC2 /* Debug */,
				70FF5D6626DD0D9600825CC2 /* Release */,
			);
			defaultConfigurationIsVisible = 0;
			defaultConfigurationName = Release;
		};
/* End XCConfigurationList section */

/* Begin XCVersionGroup section */
		70FF5D5626DD0D9500825CC2 /* TelegramAhllgov.xcdatamodeld */ = {
			isa = XCVersionGroup;
			children = (
				70FF5D5726DD0D9500825CC2 /* TelegramAhllgov.xcdatamodel */,
			);
			currentVersion = 70FF5D5726DD0D9500825CC2 /* TelegramAhllgov.xcdatamodel */;
			path = TelegramAhllgov.xcdatamodeld;
			sourceTree = "<group>";
			versionGroupType = wrapper.xcdatamodel;
		};
/* End XCVersionGroup section */
	};
	rootObject = 70FF5D4526DD0D9500825CC2 /* Project object */;
}
